
Microsoft Visual Studio Solution File, Format Version 12.00
# Visual Studio Version 17
VisualStudioVersion = 17.1.32328.378
MinimumVisualStudioVersion = 10.0.40219.1
Project("{FAE04EC0-301F-11D3-BF4B-00C04F79EFBC}") = "AspNetMVC.LabExercise1", "AspNetMVC.LabExercise1\AspNetMVC.LabExercise1.csproj", "{CEAAA86A-CB64-4A54-B880-63D588D64359}"
EndProject
Global
	GlobalSection(SolutionConfigurationPlatforms) = preSolution
		Debug|Any CPU = Debug|Any CPU
		Release|Any CPU = Release|Any CPU
	EndGlobalSection
	GlobalSection(ProjectConfigurationPlatforms) = postSolution
		{CEAAA86A-CB64-4A54-B880-63D588D64359}.Debug|Any CPU.ActiveCfg = Debug|Any CPU
		{CEAAA86A-CB64-4A54-B880-63D588D64359}.Debug|Any CPU.Build.0 = Debug|Any CPU
		{CEAAA86A-CB64-4A54-B880-63D588D64359}.Release|Any CPU.ActiveCfg = Release|Any CPU
		{CEAAA86A-CB64-4A54-B880-63D588D64359}.Release|Any CPU.Build.0 = Release|Any CPU
	EndGlobalSection
	GlobalSection(SolutionProperties) = preSolution
		HideSolutionNode = FALSE
	EndGlobalSection
	GlobalSection(ExtensibilityGlobals) = postSolution
		SolutionGuid = {FA30BDDC-5855-463B-8272-8F099D76E13E}
	EndGlobalSection
EndGlobal
